
Microsoft Visual Studio Solution File, Format Version 12.00
Project("{FAE04EC0-301F-11D3-BF4B-00C04F79EFBC}") = "TheWildfire", "TheWildfire.csproj", "{093B82B8-3F27-4077-A203-4C6F70DA8E12}"
EndProject
Global
	GlobalSection(SolutionConfigurationPlatforms) = preSolution
		Debug|Any CPU = Debug|Any CPU
		ExportDebug|Any CPU = ExportDebug|Any CPU
		ExportRelease|Any CPU = ExportRelease|Any CPU
	EndGlobalSection
	GlobalSection(ProjectConfigurationPlatforms) = postSolution
		{093B82B8-3F27-4077-A203-4C6F70DA8E12}.Debug|Any CPU.ActiveCfg = Debug|Any CPU
		{093B82B8-3F27-4077-A203-4C6F70DA8E12}.Debug|Any CPU.Build.0 = Debug|Any CPU
		{093B82B8-3F27-4077-A203-4C6F70DA8E12}.ExportDebug|Any CPU.ActiveCfg = ExportDebug|Any CPU
		{093B82B8-3F27-4077-A203-4C6F70DA8E12}.ExportDebug|Any CPU.Build.0 = ExportDebug|Any CPU
		{093B82B8-3F27-4077-A203-4C6F70DA8E12}.ExportRelease|Any CPU.ActiveCfg = ExportRelease|Any CPU
		{093B82B8-3F27-4077-A203-4C6F70DA8E12}.ExportRelease|Any CPU.Build.0 = ExportRelease|Any CPU
	EndGlobalSection
EndGlobal
